
Microsoft Visual Studio Solution File, Format Version 12.00
# Visual Studio Version 17
VisualStudioVersion = 17.9.34723.18
MinimumVisualStudioVersion = 10.0.40219.1
Project("{2150E333-8FDC-42A3-9474-1A3956D46DE8}") = "FrontEnd", "FrontEnd", "{8FCF5C5A-A7B7-44F1-900F-B2045D7238D2}"
EndProject
Project("{2150E333-8FDC-42A3-9474-1A3956D46DE8}") = "Integration", "Integration", "{8F25241D-4362-47C4-8359-E94A224A2EBE}"
EndProject
Project("{2150E333-8FDC-42A3-9474-1A3956D46DE8}") = "Services", "Services", "{9EFE3640-6870-4088-BB19-841CF23C5DBA}"
EndProject
Project("{2150E333-8FDC-42A3-9474-1A3956D46DE8}") = "Gateway", "Gateway", "{3B5CE2B0-2F57-409D-9690-EC30646ECAE8}"
EndProject
Project("{9A19103F-16F7-4668-BE54-9A1E7A4F7556}") = "Mango.Services.CouponAPI", "Mango.Services.CouponAPI\Mango.Services.CouponAPI.csproj", "{4A5B8857-CC3B-4765-BC62-B53BB12FAA10}"
EndProject
Project("{9A19103F-16F7-4668-BE54-9A1E7A4F7556}") = "Mango.Web", "Mango.Web\Mango.Web.csproj", "{F8510DC8-3BF3-4FED-AA0B-0599222484E9}"
EndProject
Project("{9A19103F-16F7-4668-BE54-9A1E7A4F7556}") = "Mango.Services.AuthAPI", "Mango.Services.AuthAPI\Mango.Services.AuthAPI.csproj", "{7A219399-8823-4B88-A714-EAD320F8E052}"
EndProject
Project("{9A19103F-16F7-4668-BE54-9A1E7A4F7556}") = "Mango.Services.ProductAPI", "Mango.Services.ProductAPI\Mango.Services.ProductAPI.csproj", "{C4CE723C-A8AE-4156-A89D-7014F8583345}"
EndProject
Project("{9A19103F-16F7-4668-BE54-9A1E7A4F7556}") = "Mango.Services.ShoppingCartAPI", "Mango.Services.ShoppingCartAPI\Mango.Services.ShoppingCartAPI.csproj", "{AFC5268D-6695-4832-9B04-003508DD89E9}"
EndProject
Project("{2150E333-8FDC-42A3-9474-1A3956D46DE8}") = "Utility", "Utility", "{BA249340-BD65-4B73-8E42-1CD7A3B0C92F}"
EndProject
Project("{9A19103F-16F7-4668-BE54-9A1E7A4F7556}") = "Mango.MessageBus", "Mango.MessageBus\Mango.MessageBus.csproj", "{4BBC7E96-69C0-46BB-A75A-AEB9E4DBF1FA}"
EndProject
Project("{FAE04EC0-301F-11D3-BF4B-00C04F79EFBC}") = "Mango.Sevices.EmailAPI", "Mango.Sevices.EmailAPI\Mango.Sevices.EmailAPI.csproj", "{FC66FB28-9652-49BC-BC2D-B63A0F23755E}"
EndProject
Global
	GlobalSection(SolutionConfigurationPlatforms) = preSolution
		Debug|Any CPU = Debug|Any CPU
		Release|Any CPU = Release|Any CPU
	EndGlobalSection
	GlobalSection(ProjectConfigurationPlatforms) = postSolution
		{4A5B8857-CC3B-4765-BC62-B53BB12FAA10}.Debug|Any CPU.ActiveCfg = Debug|Any CPU
		{4A5B8857-CC3B-4765-BC62-B53BB12FAA10}.Debug|Any CPU.Build.0 = Debug|Any CPU
		{4A5B8857-CC3B-4765-BC62-B53BB12FAA10}.Release|Any CPU.ActiveCfg = Release|Any CPU
		{4A5B8857-CC3B-4765-BC62-B53BB12FAA10}.Release|Any CPU.Build.0 = Release|Any CPU
		{F8510DC8-3BF3-4FED-AA0B-0599222484E9}.Debug|Any CPU.ActiveCfg = Debug|Any CPU
		{F8510DC8-3BF3-4FED-AA0B-0599222484E9}.Debug|Any CPU.Build.0 = Debug|Any CPU
		{F8510DC8-3BF3-4FED-AA0B-0599222484E9}.Release|Any CPU.ActiveCfg = Release|Any CPU
		{F8510DC8-3BF3-4FED-AA0B-0599222484E9}.Release|Any CPU.Build.0 = Release|Any CPU
		{7A219399-8823-4B88-A714-EAD320F8E052}.Debug|Any CPU.ActiveCfg = Debug|Any CPU
		{7A219399-8823-4B88-A714-EAD320F8E052}.Debug|Any CPU.Build.0 = Debug|Any CPU
		{7A219399-8823-4B88-A714-EAD320F8E052}.Release|Any CPU.ActiveCfg = Release|Any CPU
		{7A219399-8823-4B88-A714-EAD320F8E052}.Release|Any CPU.Build.0 = Release|Any CPU
		{C4CE723C-A8AE-4156-A89D-7014F8583345}.Debug|Any CPU.ActiveCfg = Debug|Any CPU
		{C4CE723C-A8AE-4156-A89D-7014F8583345}.Debug|Any CPU.Build.0 = Debug|Any CPU
		{C4CE723C-A8AE-4156-A89D-7014F8583345}.Release|Any CPU.ActiveCfg = Release|Any CPU
		{C4CE723C-A8AE-4156-A89D-7014F8583345}.Release|Any CPU.Build.0 = Release|Any CPU
		{AFC5268D-6695-4832-9B04-003508DD89E9}.Debug|Any CPU.ActiveCfg = Debug|Any CPU
		{AFC5268D-6695-4832-9B04-003508DD89E9}.Debug|Any CPU.Build.0 = Debug|Any CPU
		{AFC5268D-6695-4832-9B04-003508DD89E9}.Release|Any CPU.ActiveCfg = Release|Any CPU
		{AFC5268D-6695-4832-9B04-003508DD89E9}.Release|Any CPU.Build.0 = Release|Any CPU
		{4BBC7E96-69C0-46BB-A75A-AEB9E4DBF1FA}.Debug|Any CPU.ActiveCfg = Debug|Any CPU
		{4BBC7E96-69C0-46BB-A75A-AEB9E4DBF1FA}.Debug|Any CPU.Build.0 = Debug|Any CPU
		{4BBC7E96-69C0-46BB-A75A-AEB9E4DBF1FA}.Release|Any CPU.ActiveCfg = Release|Any CPU
		{4BBC7E96-69C0-46BB-A75A-AEB9E4DBF1FA}.Release|Any CPU.Build.0 = Release|Any CPU
		{FC66FB28-9652-49BC-BC2D-B63A0F23755E}.Debug|Any CPU.ActiveCfg = Debug|Any CPU
		{FC66FB28-9652-49BC-BC2D-B63A0F23755E}.Debug|Any CPU.Build.0 = Debug|Any CPU
		{FC66FB28-9652-49BC-BC2D-B63A0F23755E}.Release|Any CPU.ActiveCfg = Release|Any CPU
		{FC66FB28-9652-49BC-BC2D-B63A0F23755E}.Release|Any CPU.Build.0 = Release|Any CPU
	EndGlobalSection
	GlobalSection(SolutionProperties) = preSolution
		HideSolutionNode = FALSE
	EndGlobalSection
	GlobalSection(NestedProjects) = preSolution
		{4A5B8857-CC3B-4765-BC62-B53BB12FAA10} = {9EFE3640-6870-4088-BB19-841CF23C5DBA}
		{F8510DC8-3BF3-4FED-AA0B-0599222484E9} = {8FCF5C5A-A7B7-44F1-900F-B2045D7238D2}
		{7A219399-8823-4B88-A714-EAD320F8E052} = {9EFE3640-6870-4088-BB19-841CF23C5DBA}
		{C4CE723C-A8AE-4156-A89D-7014F8583345} = {9EFE3640-6870-4088-BB19-841CF23C5DBA}
		{AFC5268D-6695-4832-9B04-003508DD89E9} = {9EFE3640-6870-4088-BB19-841CF23C5DBA}
		{BA249340-BD65-4B73-8E42-1CD7A3B0C92F} = {8FCF5C5A-A7B7-44F1-900F-B2045D7238D2}
		{4BBC7E96-69C0-46BB-A75A-AEB9E4DBF1FA} = {8F25241D-4362-47C4-8359-E94A224A2EBE}
		{FC66FB28-9652-49BC-BC2D-B63A0F23755E} = {9EFE3640-6870-4088-BB19-841CF23C5DBA}
	EndGlobalSection
	GlobalSection(ExtensibilityGlobals) = postSolution
		SolutionGuid = {57B77CD5-91AE-40FA-B56E-32A686FA78E4}
	EndGlobalSection
EndGlobal
